// !$*UTF8*$!
{
	archiveVersion = 1;
	classes = {
	};
	objectVersion = 56;
	objects = {

/* Begin PBXBuildFile section */
		65E3B3C20CF344D5B17D2217 /* Pods_CRSQLite_xcode_starter_mac.framework in Frameworks */ = {isa = PBXBuildFile; fileRef = E63CE993E31E2E4A31772C6E /* Pods_CRSQLite_xcode_starter_mac.framework */; };
		DE65ED032A6B1B8E005EA008 /* xcode_starterApp.swift in Sources */ = {isa = PBXBuildFile; fileRef = DE65ED022A6B1B8E005EA008 /* xcode_starterApp.swift */; };
		DE65ED052A6B1B8E005EA008 /* ContentView.swift in Sources */ = {isa = PBXBuildFile; fileRef = DE65ED042A6B1B8E005EA008 /* ContentView.swift */; };
		DE65ED072A6B1B8F005EA008 /* Assets.xcassets in Resources */ = {isa = PBXBuildFile; fileRef = DE65ED062A6B1B8F005EA008 /* Assets.xcassets */; };
		DE65ED0B2A6B1B8F005EA008 /* Preview Assets.xcassets in Resources */ = {isa = PBXBuildFile; fileRef = DE65ED0A2A6B1B8F005EA008 /* Preview Assets.xcassets */; };
		DE65ED152A6B1B8F005EA008 /* xcode_starterTests.swift in Sources */ = {isa = PBXBuildFile; fileRef = DE65ED142A6B1B8F005EA008 /* xcode_starterTests.swift */; };
		DE65ED1F2A6B1B8F005EA008 /* xcode_starterUITests.swift in Sources */ = {isa = PBXBuildFile; fileRef = DE65ED1E2A6B1B8F005EA008 /* xcode_starterUITests.swift */; };
		DE65ED212A6B1B8F005EA008 /* xcode_starterUITestsLaunchTests.swift in Sources */ = {isa = PBXBuildFile; fileRef = DE65ED202A6B1B8F005EA008 /* xcode_starterUITestsLaunchTests.swift */; };
		DE65ED2F2A6B1BB1005EA008 /* ContentView.swift in Sources */ = {isa = PBXBuildFile; fileRef = DE65ED042A6B1B8E005EA008 /* ContentView.swift */; };
		DE65ED302A6B1BB1005EA008 /* xcode_starterApp.swift in Sources */ = {isa = PBXBuildFile; fileRef = DE65ED022A6B1B8E005EA008 /* xcode_starterApp.swift */; };
		DE65ED332A6B1BB1005EA008 /* Preview Assets.xcassets in Resources */ = {isa = PBXBuildFile; fileRef = DE65ED0A2A6B1B8F005EA008 /* Preview Assets.xcassets */; };
		DE65ED342A6B1BB1005EA008 /* Assets.xcassets in Resources */ = {isa = PBXBuildFile; fileRef = DE65ED062A6B1B8F005EA008 /* Assets.xcassets */; };
		DE65ED3B2A6B1BBA005EA008 /* ContentView.swift in Sources */ = {isa = PBXBuildFile; fileRef = DE65ED042A6B1B8E005EA008 /* ContentView.swift */; };
		DE65ED3C2A6B1BBA005EA008 /* xcode_starterApp.swift in Sources */ = {isa = PBXBuildFile; fileRef = DE65ED022A6B1B8E005EA008 /* xcode_starterApp.swift */; };
		DE65ED3F2A6B1BBA005EA008 /* Preview Assets.xcassets in Resources */ = {isa = PBXBuildFile; fileRef = DE65ED0A2A6B1B8F005EA008 /* Preview Assets.xcassets */; };
		DE65ED402A6B1BBA005EA008 /* Assets.xcassets in Resources */ = {isa = PBXBuildFile; fileRef = DE65ED062A6B1B8F005EA008 /* Assets.xcassets */; };
		DE65ED472A6B1BEF005EA008 /* crsqlite-aarch64-darwin.a in Frameworks */ = {isa = PBXBuildFile; fileRef = DE65ED462A6B1BEF005EA008 /* crsqlite-aarch64-darwin.a */; };
		DE65ED492A6B1BFB005EA008 /* crsqlite-universal-ios.a in Frameworks */ = {isa = PBXBuildFile; fileRef = DE65ED482A6B1BFB005EA008 /* crsqlite-universal-ios.a */; };
		DE65ED4B2A6B1C03005EA008 /* crsqlite-universal-ios-sim.a in Frameworks */ = {isa = PBXBuildFile; fileRef = DE65ED4A2A6B1C03005EA008 /* crsqlite-universal-ios-sim.a */; };
		DE65ED562A6B22D2005EA008 /* crsqlite-init.c in Sources */ = {isa = PBXBuildFile; fileRef = DE65ED552A6B22D2005EA008 /* crsqlite-init.c */; };
		DE65ED572A6B22D2005EA008 /* crsqlite-init.c in Sources */ = {isa = PBXBuildFile; fileRef = DE65ED552A6B22D2005EA008 /* crsqlite-init.c */; };
		DE65ED582A6B22D2005EA008 /* crsqlite-init.c in Sources */ = {isa = PBXBuildFile; fileRef = DE65ED552A6B22D2005EA008 /* crsqlite-init.c */; };
		E9F56EA37AB09F5BD2971005 /* Pods_CRSQLite_xcode_starter_ios.framework in Frameworks */ = {isa = PBXBuildFile; fileRef = CDB408B8C1A49E93F5089A86 /* Pods_CRSQLite_xcode_starter_ios.framework */; };
		FCFF4DA0EEDD9DD2B77A43BD /* Pods_CRSQLite_xcode_starter_ios_simulator.framework in Frameworks */ = {isa = PBXBuildFile; fileRef = 47CA32050248B947D71BDFF5 /* Pods_CRSQLite_xcode_starter_ios_simulator.framework */; };
/* End PBXBuildFile section */

/* Begin PBXContainerItemProxy section */
		DE65ED112A6B1B8F005EA008 /* PBXContainerItemProxy */ = {
			isa = PBXContainerItemProxy;
			containerPortal = DE65ECF72A6B1B8E005EA008 /* Project object */;
			proxyType = 1;
			remoteGlobalIDString = DE65ECFE2A6B1B8E005EA008;
			remoteInfo = "xcode-starter";
		};
		DE65ED1B2A6B1B8F005EA008 /* PBXContainerItemProxy */ = {
			isa = PBXContainerItemProxy;
			containerPortal = DE65ECF72A6B1B8E005EA008 /* Project object */;
			proxyType = 1;
			remoteGlobalIDString = DE65ECFE2A6B1B8E005EA008;
			remoteInfo = "xcode-starter";
		};
/* End PBXContainerItemProxy section */

/* Begin PBXFileReference section */
		11E25D5ED3EFC583F766CC1A /* Pods-CRSQLite-xcode-starter-ios-simulator.debug.xcconfig */ = {isa = PBXFileReference; includeInIndex = 1; lastKnownFileType = text.xcconfig; name = "Pods-CRSQLite-xcode-starter-ios-simulator.debug.xcconfig"; path = "Target Support Files/Pods-CRSQLite-xcode-starter-ios-simulator/Pods-CRSQLite-xcode-starter-ios-simulator.debug.xcconfig"; sourceTree = "<group>"; };
		4178ACA32E6C900BFE1816DA /* Pods-CRSQLite-xcode-starter-mac.release.xcconfig */ = {isa = PBXFileReference; includeInIndex = 1; lastKnownFileType = text.xcconfig; name = "Pods-CRSQLite-xcode-starter-mac.release.xcconfig"; path = "Target Support Files/Pods-CRSQLite-xcode-starter-mac/Pods-CRSQLite-xcode-starter-mac.release.xcconfig"; sourceTree = "<group>"; };
		45F196D351D5932E01D7ACC8 /* Pods-CRSQLite-xcode-starter-ios.debug.xcconfig */ = {isa = PBXFileReference; includeInIndex = 1; lastKnownFileType = text.xcconfig; name = "Pods-CRSQLite-xcode-starter-ios.debug.xcconfig"; path = "Target Support Files/Pods-CRSQLite-xcode-starter-ios/Pods-CRSQLite-xcode-starter-ios.debug.xcconfig"; sourceTree = "<group>"; };
		47CA32050248B947D71BDFF5 /* Pods_CRSQLite_xcode_starter_ios_simulator.framework */ = {isa = PBXFileReference; explicitFileType = wrapper.framework; includeInIndex = 0; path = Pods_CRSQLite_xcode_starter_ios_simulator.framework; sourceTree = BUILT_PRODUCTS_DIR; };
		5F904201180274D412A1E4DE /* Pods-CRSQLite-xcode-starter-mac.debug.xcconfig */ = {isa = PBXFileReference; includeInIndex = 1; lastKnownFileType = text.xcconfig; name = "Pods-CRSQLite-xcode-starter-mac.debug.xcconfig"; path = "Target Support Files/Pods-CRSQLite-xcode-starter-mac/Pods-CRSQLite-xcode-starter-mac.debug.xcconfig"; sourceTree = "<group>"; };
		97AE8D7B2EBA94FB67637002 /* Pods-CRSQLite-xcode-starter-ios.release.xcconfig */ = {isa = PBXFileReference; includeInIndex = 1; lastKnownFileType = text.xcconfig; name = "Pods-CRSQLite-xcode-starter-ios.release.xcconfig"; path = "Target Support Files/Pods-CRSQLite-xcode-starter-ios/Pods-CRSQLite-xcode-starter-ios.release.xcconfig"; sourceTree = "<group>"; };
		AFC5A133F48D23FB757A809D /* Pods-CRSQLite-xcode-starter-ios-simulator.release.xcconfig */ = {isa = PBXFileReference; includeInIndex = 1; lastKnownFileType = text.xcconfig; name = "Pods-CRSQLite-xcode-starter-ios-simulator.release.xcconfig"; path = "Target Support Files/Pods-CRSQLite-xcode-starter-ios-simulator/Pods-CRSQLite-xcode-starter-ios-simulator.release.xcconfig"; sourceTree = "<group>"; };
		CDB408B8C1A49E93F5089A86 /* Pods_CRSQLite_xcode_starter_ios.framework */ = {isa = PBXFileReference; explicitFileType = wrapper.framework; includeInIndex = 0; path = Pods_CRSQLite_xcode_starter_ios.framework; sourceTree = BUILT_PRODUCTS_DIR; };
		DE65ECFF2A6B1B8E005EA008 /* xcode-starter-mac.app */ = {isa = PBXFileReference; explicitFileType = wrapper.application; includeInIndex = 0; path = "xcode-starter-mac.app"; sourceTree = BUILT_PRODUCTS_DIR; };
		DE65ED022A6B1B8E005EA008 /* xcode_starterApp.swift */ = {isa = PBXFileReference; lastKnownFileType = sourcecode.swift; path = xcode_starterApp.swift; sourceTree = "<group>"; };
		DE65ED042A6B1B8E005EA008 /* ContentView.swift */ = {isa = PBXFileReference; lastKnownFileType = sourcecode.swift; path = ContentView.swift; sourceTree = "<group>"; };
		DE65ED062A6B1B8F005EA008 /* Assets.xcassets */ = {isa = PBXFileReference; lastKnownFileType = folder.assetcatalog; path = Assets.xcassets; sourceTree = "<group>"; };
		DE65ED082A6B1B8F005EA008 /* xcode_starter.entitlements */ = {isa = PBXFileReference; lastKnownFileType = text.plist.entitlements; path = xcode_starter.entitlements; sourceTree = "<group>"; };
		DE65ED0A2A6B1B8F005EA008 /* Preview Assets.xcassets */ = {isa = PBXFileReference; lastKnownFileType = folder.assetcatalog; path = "Preview Assets.xcassets"; sourceTree = "<group>"; };
		DE65ED102A6B1B8F005EA008 /* xcode-starterTests.xctest */ = {isa = PBXFileReference; explicitFileType = wrapper.cfbundle; includeInIndex = 0; path = "xcode-starterTests.xctest"; sourceTree = BUILT_PRODUCTS_DIR; };
		DE65ED142A6B1B8F005EA008 /* xcode_starterTests.swift */ = {isa = PBXFileReference; lastKnownFileType = sourcecode.swift; path = xcode_starterTests.swift; sourceTree = "<group>"; };
		DE65ED1A2A6B1B8F005EA008 /* xcode-starterUITests.xctest */ = {isa = PBXFileReference; explicitFileType = wrapper.cfbundle; includeInIndex = 0; path = "xcode-starterUITests.xctest"; sourceTree = BUILT_PRODUCTS_DIR; };
		DE65ED1E2A6B1B8F005EA008 /* xcode_starterUITests.swift */ = {isa = PBXFileReference; lastKnownFileType = sourcecode.swift; path = xcode_starterUITests.swift; sourceTree = "<group>"; };
		DE65ED202A6B1B8F005EA008 /* xcode_starterUITestsLaunchTests.swift */ = {isa = PBXFileReference; lastKnownFileType = sourcecode.swift; path = xcode_starterUITestsLaunchTests.swift; sourceTree = "<group>"; };
		DE65ED382A6B1BB1005EA008 /* xcode-starter-ios.app */ = {isa = PBXFileReference; explicitFileType = wrapper.application; includeInIndex = 0; path = "xcode-starter-ios.app"; sourceTree = BUILT_PRODUCTS_DIR; };
		DE65ED442A6B1BBA005EA008 /* xcode-starter-ios-simulator.app */ = {isa = PBXFileReference; explicitFileType = wrapper.application; includeInIndex = 0; path = "xcode-starter-ios-simulator.app"; sourceTree = BUILT_PRODUCTS_DIR; };
		DE65ED462A6B1BEF005EA008 /* crsqlite-aarch64-darwin.a */ = {isa = PBXFileReference; lastKnownFileType = archive.ar; path = "crsqlite-aarch64-darwin.a"; sourceTree = "<group>"; };
		DE65ED482A6B1BFB005EA008 /* crsqlite-universal-ios.a */ = {isa = PBXFileReference; lastKnownFileType = archive.ar; path = "crsqlite-universal-ios.a"; sourceTree = "<group>"; };
		DE65ED4A2A6B1C03005EA008 /* crsqlite-universal-ios-sim.a */ = {isa = PBXFileReference; lastKnownFileType = archive.ar; path = "crsqlite-universal-ios-sim.a"; sourceTree = "<group>"; };
		DE65ED512A6B22D2005EA008 /* xcode-starter-mac-Bridging-Header.h */ = {isa = PBXFileReference; lastKnownFileType = sourcecode.c.h; path = "xcode-starter-mac-Bridging-Header.h"; sourceTree = "<group>"; };
		DE65ED522A6B22D2005EA008 /* xcode-starter-ios-Bridging-Header.h */ = {isa = PBXFileReference; lastKnownFileType = sourcecode.c.h; path = "xcode-starter-ios-Bridging-Header.h"; sourceTree = "<group>"; };
		DE65ED532A6B22D2005EA008 /* xcode-starter-ios-simulator-Bridging-Header.h */ = {isa = PBXFileReference; lastKnownFileType = sourcecode.c.h; path = "xcode-starter-ios-simulator-Bridging-Header.h"; sourceTree = "<group>"; };
		DE65ED542A6B22D2005EA008 /* crsqlite-init.h */ = {isa = PBXFileReference; lastKnownFileType = sourcecode.c.h; path = "crsqlite-init.h"; sourceTree = "<group>"; };
		DE65ED552A6B22D2005EA008 /* crsqlite-init.c */ = {isa = PBXFileReference; lastKnownFileType = sourcecode.c.c; path = "crsqlite-init.c"; sourceTree = "<group>"; };
		E63CE993E31E2E4A31772C6E /* Pods_CRSQLite_xcode_starter_mac.framework */ = {isa = PBXFileReference; explicitFileType = wrapper.framework; includeInIndex = 0; path = Pods_CRSQLite_xcode_starter_mac.framework; sourceTree = BUILT_PRODUCTS_DIR; };
/* End PBXFileReference section */

/* Begin PBXFrameworksBuildPhase section */
		DE65ECFC2A6B1B8E005EA008 /* Frameworks */ = {
			isa = PBXFrameworksBuildPhase;
			buildActionMask = 2147483647;
			files = (
				DE65ED472A6B1BEF005EA008 /* crsqlite-aarch64-darwin.a in Frameworks */,
				65E3B3C20CF344D5B17D2217 /* Pods_CRSQLite_xcode_starter_mac.framework in Frameworks */,
			);
			runOnlyForDeploymentPostprocessing = 0;
		};
		DE65ED0D2A6B1B8F005EA008 /* Frameworks */ = {
			isa = PBXFrameworksBuildPhase;
			buildActionMask = 2147483647;
			files = (
			);
			runOnlyForDeploymentPostprocessing = 0;
		};
		DE65ED172A6B1B8F005EA008 /* Frameworks */ = {
			isa = PBXFrameworksBuildPhase;
			buildActionMask = 2147483647;
			files = (
			);
			runOnlyForDeploymentPostprocessing = 0;
		};
		DE65ED312A6B1BB1005EA008 /* Frameworks */ = {
			isa = PBXFrameworksBuildPhase;
			buildActionMask = 2147483647;
			files = (
				DE65ED492A6B1BFB005EA008 /* crsqlite-universal-ios.a in Frameworks */,
				E9F56EA37AB09F5BD2971005 /* Pods_CRSQLite_xcode_starter_ios.framework in Frameworks */,
			);
			runOnlyForDeploymentPostprocessing = 0;
		};
		DE65ED3D2A6B1BBA005EA008 /* Frameworks */ = {
			isa = PBXFrameworksBuildPhase;
			buildActionMask = 2147483647;
			files = (
				DE65ED4B2A6B1C03005EA008 /* crsqlite-universal-ios-sim.a in Frameworks */,
				FCFF4DA0EEDD9DD2B77A43BD /* Pods_CRSQLite_xcode_starter_ios_simulator.framework in Frameworks */,
			);
			runOnlyForDeploymentPostprocessing = 0;
		};
/* End PBXFrameworksBuildPhase section */

/* Begin PBXGroup section */
		0B4C14EA07F533C4BBA0DE19 /* Pods */ = {
			isa = PBXGroup;
			children = (
				45F196D351D5932E01D7ACC8 /* Pods-CRSQLite-xcode-starter-ios.debug.xcconfig */,
				97AE8D7B2EBA94FB67637002 /* Pods-CRSQLite-xcode-starter-ios.release.xcconfig */,
				11E25D5ED3EFC583F766CC1A /* Pods-CRSQLite-xcode-starter-ios-simulator.debug.xcconfig */,
				AFC5A133F48D23FB757A809D /* Pods-CRSQLite-xcode-starter-ios-simulator.release.xcconfig */,
				5F904201180274D412A1E4DE /* Pods-CRSQLite-xcode-starter-mac.debug.xcconfig */,
				4178ACA32E6C900BFE1816DA /* Pods-CRSQLite-xcode-starter-mac.release.xcconfig */,
			);
			path = Pods;
			sourceTree = "<group>";
		};
		6E78C86835A9A64A4FF57534 /* Frameworks */ = {
			isa = PBXGroup;
			children = (
				CDB408B8C1A49E93F5089A86 /* Pods_CRSQLite_xcode_starter_ios.framework */,
				47CA32050248B947D71BDFF5 /* Pods_CRSQLite_xcode_starter_ios_simulator.framework */,
				E63CE993E31E2E4A31772C6E /* Pods_CRSQLite_xcode_starter_mac.framework */,
			);
			name = Frameworks;
			sourceTree = "<group>";
		};
		DE65ECF62A6B1B8E005EA008 = {
			isa = PBXGroup;
			children = (
				DE65ED452A6B1BDC005EA008 /* crsqlite */,
				DE65ED012A6B1B8E005EA008 /* xcode-starter */,
				DE65ED132A6B1B8F005EA008 /* xcode-starterTests */,
				DE65ED1D2A6B1B8F005EA008 /* xcode-starterUITests */,
				DE65ED002A6B1B8E005EA008 /* Products */,
				0B4C14EA07F533C4BBA0DE19 /* Pods */,
				6E78C86835A9A64A4FF57534 /* Frameworks */,
			);
			sourceTree = "<group>";
		};
		DE65ED002A6B1B8E005EA008 /* Products */ = {
			isa = PBXGroup;
			children = (
				DE65ECFF2A6B1B8E005EA008 /* xcode-starter-mac.app */,
				DE65ED102A6B1B8F005EA008 /* xcode-starterTests.xctest */,
				DE65ED1A2A6B1B8F005EA008 /* xcode-starterUITests.xctest */,
				DE65ED382A6B1BB1005EA008 /* xcode-starter-ios.app */,
				DE65ED442A6B1BBA005EA008 /* xcode-starter-ios-simulator.app */,
			);
			name = Products;
			sourceTree = "<group>";
		};
		DE65ED012A6B1B8E005EA008 /* xcode-starter */ = {
			isa = PBXGroup;
			children = (
				DE65ED022A6B1B8E005EA008 /* xcode_starterApp.swift */,
				DE65ED042A6B1B8E005EA008 /* ContentView.swift */,
				DE65ED062A6B1B8F005EA008 /* Assets.xcassets */,
				DE65ED082A6B1B8F005EA008 /* xcode_starter.entitlements */,
				DE65ED092A6B1B8F005EA008 /* Preview Content */,
				DE65ED542A6B22D2005EA008 /* crsqlite-init.h */,
				DE65ED552A6B22D2005EA008 /* crsqlite-init.c */,
				DE65ED512A6B22D2005EA008 /* xcode-starter-mac-Bridging-Header.h */,
				DE65ED522A6B22D2005EA008 /* xcode-starter-ios-Bridging-Header.h */,
				DE65ED532A6B22D2005EA008 /* xcode-starter-ios-simulator-Bridging-Header.h */,
			);
			path = "xcode-starter";
			sourceTree = "<group>";
		};
		DE65ED092A6B1B8F005EA008 /* Preview Content */ = {
			isa = PBXGroup;
			children = (
				DE65ED0A2A6B1B8F005EA008 /* Preview Assets.xcassets */,
			);
			path = "Preview Content";
			sourceTree = "<group>";
		};
		DE65ED132A6B1B8F005EA008 /* xcode-starterTests */ = {
			isa = PBXGroup;
			children = (
				DE65ED142A6B1B8F005EA008 /* xcode_starterTests.swift */,
			);
			path = "xcode-starterTests";
			sourceTree = "<group>";
		};
		DE65ED1D2A6B1B8F005EA008 /* xcode-starterUITests */ = {
			isa = PBXGroup;
			children = (
				DE65ED1E2A6B1B8F005EA008 /* xcode_starterUITests.swift */,
				DE65ED202A6B1B8F005EA008 /* xcode_starterUITestsLaunchTests.swift */,
			);
			path = "xcode-starterUITests";
			sourceTree = "<group>";
		};
		DE65ED452A6B1BDC005EA008 /* crsqlite */ = {
			isa = PBXGroup;
			children = (
				DE65ED4A2A6B1C03005EA008 /* crsqlite-universal-ios-sim.a */,
				DE65ED482A6B1BFB005EA008 /* crsqlite-universal-ios.a */,
				DE65ED462A6B1BEF005EA008 /* crsqlite-aarch64-darwin.a */,
			);
			path = crsqlite;
			sourceTree = "<group>";
		};
/* End PBXGroup section */

/* Begin PBXNativeTarget section */
		DE65ECFE2A6B1B8E005EA008 /* xcode-starter-mac */ = {
			isa = PBXNativeTarget;
			buildConfigurationList = DE65ED242A6B1B8F005EA008 /* Build configuration list for PBXNativeTarget "xcode-starter-mac" */;
			buildPhases = (
				3DBED463062361E9AC018BFE /* [CP] Check Pods Manifest.lock */,
				DE65ECFB2A6B1B8E005EA008 /* Sources */,
				DE65ECFC2A6B1B8E005EA008 /* Frameworks */,
				DE65ECFD2A6B1B8E005EA008 /* Resources */,
				EE3C2B0C6BC7F138EE495092 /* [CP] Embed Pods Frameworks */,
			);
			buildRules = (
			);
			dependencies = (
			);
			name = "xcode-starter-mac";
			productName = "xcode-starter";
			productReference = DE65ECFF2A6B1B8E005EA008 /* xcode-starter-mac.app */;
			productType = "com.apple.product-type.application";
		};
		DE65ED0F2A6B1B8F005EA008 /* xcode-starterTests */ = {
			isa = PBXNativeTarget;
			buildConfigurationList = DE65ED272A6B1B8F005EA008 /* Build configuration list for PBXNativeTarget "xcode-starterTests" */;
			buildPhases = (
				DE65ED0C2A6B1B8F005EA008 /* Sources */,
				DE65ED0D2A6B1B8F005EA008 /* Frameworks */,
				DE65ED0E2A6B1B8F005EA008 /* Resources */,
			);
			buildRules = (
			);
			dependencies = (
				DE65ED122A6B1B8F005EA008 /* PBXTargetDependency */,
			);
			name = "xcode-starterTests";
			productName = "xcode-starterTests";
			productReference = DE65ED102A6B1B8F005EA008 /* xcode-starterTests.xctest */;
			productType = "com.apple.product-type.bundle.unit-test";
		};
		DE65ED192A6B1B8F005EA008 /* xcode-starterUITests */ = {
			isa = PBXNativeTarget;
			buildConfigurationList = DE65ED2A2A6B1B8F005EA008 /* Build configuration list for PBXNativeTarget "xcode-starterUITests" */;
			buildPhases = (
				DE65ED162A6B1B8F005EA008 /* Sources */,
				DE65ED172A6B1B8F005EA008 /* Frameworks */,
				DE65ED182A6B1B8F005EA008 /* Resources */,
			);
			buildRules = (
			);
			dependencies = (
				DE65ED1C2A6B1B8F005EA008 /* PBXTargetDependency */,
			);
			name = "xcode-starterUITests";
			productName = "xcode-starterUITests";
			productReference = DE65ED1A2A6B1B8F005EA008 /* xcode-starterUITests.xctest */;
			productType = "com.apple.product-type.bundle.ui-testing";
		};
		DE65ED2D2A6B1BB1005EA008 /* xcode-starter-ios */ = {
			isa = PBXNativeTarget;
			buildConfigurationList = DE65ED352A6B1BB1005EA008 /* Build configuration list for PBXNativeTarget "xcode-starter-ios" */;
			buildPhases = (
				C133B05139D8D193A8124E88 /* [CP] Check Pods Manifest.lock */,
				DE65ED2E2A6B1BB1005EA008 /* Sources */,
				DE65ED312A6B1BB1005EA008 /* Frameworks */,
				DE65ED322A6B1BB1005EA008 /* Resources */,
				01891989559D75C64922BAB0 /* [CP] Embed Pods Frameworks */,
			);
			buildRules = (
			);
			dependencies = (
			);
			name = "xcode-starter-ios";
			productName = "xcode-starter";
			productReference = DE65ED382A6B1BB1005EA008 /* xcode-starter-ios.app */;
			productType = "com.apple.product-type.application";
		};
		DE65ED392A6B1BBA005EA008 /* xcode-starter-ios-simulator */ = {
			isa = PBXNativeTarget;
			buildConfigurationList = DE65ED412A6B1BBA005EA008 /* Build configuration list for PBXNativeTarget "xcode-starter-ios-simulator" */;
			buildPhases = (
				41766BAB2D938BAA2D750B1B /* [CP] Check Pods Manifest.lock */,
				DE65ED3A2A6B1BBA005EA008 /* Sources */,
				DE65ED3D2A6B1BBA005EA008 /* Frameworks */,
				DE65ED3E2A6B1BBA005EA008 /* Resources */,
				CB73B144C9D47FBBD4FF11E8 /* [CP] Embed Pods Frameworks */,
			);
			buildRules = (
			);
			dependencies = (
			);
			name = "xcode-starter-ios-simulator";
			productName = "xcode-starter";
			productReference = DE65ED442A6B1BBA005EA008 /* xcode-starter-ios-simulator.app */;
			productType = "com.apple.product-type.application";
		};
/* End PBXNativeTarget section */

/* Begin PBXProject section */
		DE65ECF72A6B1B8E005EA008 /* Project object */ = {
			isa = PBXProject;
			attributes = {
				BuildIndependentTargetsInParallel = 1;
				LastSwiftUpdateCheck = 1420;
				LastUpgradeCheck = 1420;
				TargetAttributes = {
					DE65ECFE2A6B1B8E005EA008 = {
						CreatedOnToolsVersion = 14.2;
						LastSwiftMigration = 1420;
					};
					DE65ED0F2A6B1B8F005EA008 = {
						CreatedOnToolsVersion = 14.2;
						TestTargetID = DE65ECFE2A6B1B8E005EA008;
					};
					DE65ED192A6B1B8F005EA008 = {
						CreatedOnToolsVersion = 14.2;
						TestTargetID = DE65ECFE2A6B1B8E005EA008;
					};
					DE65ED2D2A6B1BB1005EA008 = {
						LastSwiftMigration = 1420;
					};
					DE65ED392A6B1BBA005EA008 = {
						LastSwiftMigration = 1420;
					};
				};
			};
			buildConfigurationList = DE65ECFA2A6B1B8E005EA008 /* Build configuration list for PBXProject "xcode-starter" */;
			compatibilityVersion = "Xcode 14.0";
			developmentRegion = en;
			hasScannedForEncodings = 0;
			knownRegions = (
				en,
				Base,
			);
			mainGroup = DE65ECF62A6B1B8E005EA008;
			productRefGroup = DE65ED002A6B1B8E005EA008 /* Products */;
			projectDirPath = "";
			projectRoot = "";
			targets = (
				DE65ECFE2A6B1B8E005EA008 /* xcode-starter-mac */,
				DE65ED2D2A6B1BB1005EA008 /* xcode-starter-ios */,
				DE65ED392A6B1BBA005EA008 /* xcode-starter-ios-simulator */,
				DE65ED0F2A6B1B8F005EA008 /* xcode-starterTests */,
				DE65ED192A6B1B8F005EA008 /* xcode-starterUITests */,
			);
		};
/* End PBXProject section */

/* Begin PBXResourcesBuildPhase section */
		DE65ECFD2A6B1B8E005EA008 /* Resources */ = {
			isa = PBXResourcesBuildPhase;
			buildActionMask = 2147483647;
			files = (
				DE65ED0B2A6B1B8F005EA008 /* Preview Assets.xcassets in Resources */,
				DE65ED072A6B1B8F005EA008 /* Assets.xcassets in Resources */,
			);
			runOnlyForDeploymentPostprocessing = 0;
		};
		DE65ED0E2A6B1B8F005EA008 /* Resources */ = {
			isa = PBXResourcesBuildPhase;
			buildActionMask = 2147483647;
			files = (
			);
			runOnlyForDeploymentPostprocessing = 0;
		};
		DE65ED182A6B1B8F005EA008 /* Resources */ = {
			isa = PBXResourcesBuildPhase;
			buildActionMask = 2147483647;
			files = (
			);
			runOnlyForDeploymentPostprocessing = 0;
		};
		DE65ED322A6B1BB1005EA008 /* Resources */ = {
			isa = PBXResourcesBuildPhase;
			buildActionMask = 2147483647;
			files = (
				DE65ED332A6B1BB1005EA008 /* Preview Assets.xcassets in Resources */,
				DE65ED342A6B1BB1005EA008 /* Assets.xcassets in Resources */,
			);
			runOnlyForDeploymentPostprocessing = 0;
		};
		DE65ED3E2A6B1BBA005EA008 /* Resources */ = {
			isa = PBXResourcesBuildPhase;
			buildActionMask = 2147483647;
			files = (
				DE65ED3F2A6B1BBA005EA008 /* Preview Assets.xcassets in Resources */,
				DE65ED402A6B1BBA005EA008 /* Assets.xcassets in Resources */,
			);
			runOnlyForDeploymentPostprocessing = 0;
		};
/* End PBXResourcesBuildPhase section */

/* Begin PBXShellScriptBuildPhase section */
		01891989559D75C64922BAB0 /* [CP] Embed Pods Frameworks */ = {
			isa = PBXShellScriptBuildPhase;
			buildActionMask = 2147483647;
			files = (
			);
			inputFileListPaths = (
				"${PODS_ROOT}/Target Support Files/Pods-CRSQLite-xcode-starter-ios/Pods-CRSQLite-xcode-starter-ios-frameworks-${CONFIGURATION}-input-files.xcfilelist",
			);
			name = "[CP] Embed Pods Frameworks";
			outputFileListPaths = (
				"${PODS_ROOT}/Target Support Files/Pods-CRSQLite-xcode-starter-ios/Pods-CRSQLite-xcode-starter-ios-frameworks-${CONFIGURATION}-output-files.xcfilelist",
			);
			runOnlyForDeploymentPostprocessing = 0;
			shellPath = /bin/sh;
			shellScript = "\"${PODS_ROOT}/Target Support Files/Pods-CRSQLite-xcode-starter-ios/Pods-CRSQLite-xcode-starter-ios-frameworks.sh\"\n";
			showEnvVarsInLog = 0;
		};
		3DBED463062361E9AC018BFE /* [CP] Check Pods Manifest.lock */ = {
			isa = PBXShellScriptBuildPhase;
			buildActionMask = 2147483647;
			files = (
			);
			inputFileListPaths = (
			);
			inputPaths = (
				"${PODS_PODFILE_DIR_PATH}/Podfile.lock",
				"${PODS_ROOT}/Manifest.lock",
			);
			name = "[CP] Check Pods Manifest.lock";
			outputFileListPaths = (
			);
			outputPaths = (
				"$(DERIVED_FILE_DIR)/Pods-CRSQLite-xcode-starter-mac-checkManifestLockResult.txt",
			);
			runOnlyForDeploymentPostprocessing = 0;
			shellPath = /bin/sh;
			shellScript = "diff \"${PODS_PODFILE_DIR_PATH}/Podfile.lock\" \"${PODS_ROOT}/Manifest.lock\" > /dev/null\nif [ $? != 0 ] ; then\n    # print error to STDERR\n    echo \"error: The sandbox is not in sync with the Podfile.lock. Run 'pod install' or update your CocoaPods installation.\" >&2\n    exit 1\nfi\n# This output is used by Xcode 'outputs' to avoid re-running this script phase.\necho \"SUCCESS\" > \"${SCRIPT_OUTPUT_FILE_0}\"\n";
			showEnvVarsInLog = 0;
		};
		41766BAB2D938BAA2D750B1B /* [CP] Check Pods Manifest.lock */ = {
			isa = PBXShellScriptBuildPhase;
			buildActionMask = 2147483647;
			files = (
			);
			inputFileListPaths = (
			);
			inputPaths = (
				"${PODS_PODFILE_DIR_PATH}/Podfile.lock",
				"${PODS_ROOT}/Manifest.lock",
			);
			name = "[CP] Check Pods Manifest.lock";
			outputFileListPaths = (
			);
			outputPaths = (
				"$(DERIVED_FILE_DIR)/Pods-CRSQLite-xcode-starter-ios-simulator-checkManifestLockResult.txt",
			);
			runOnlyForDeploymentPostprocessing = 0;
			shellPath = /bin/sh;
			shellScript = "diff \"${PODS_PODFILE_DIR_PATH}/Podfile.lock\" \"${PODS_ROOT}/Manifest.lock\" > /dev/null\nif [ $? != 0 ] ; then\n    # print error to STDERR\n    echo \"error: The sandbox is not in sync with the Podfile.lock. Run 'pod install' or update your CocoaPods installation.\" >&2\n    exit 1\nfi\n# This output is used by Xcode 'outputs' to avoid re-running this script phase.\necho \"SUCCESS\" > \"${SCRIPT_OUTPUT_FILE_0}\"\n";
			showEnvVarsInLog = 0;
		};
		C133B05139D8D193A8124E88 /* [CP] Check Pods Manifest.lock */ = {
			isa = PBXShellScriptBuildPhase;
			buildActionMask = 2147483647;
			files = (
			);
			inputFileListPaths = (
			);
			inputPaths = (
				"${PODS_PODFILE_DIR_PATH}/Podfile.lock",
				"${PODS_ROOT}/Manifest.lock",
			);
			name = "[CP] Check Pods Manifest.lock";
			outputFileListPaths = (
			);
			outputPaths = (
				"$(DERIVED_FILE_DIR)/Pods-CRSQLite-xcode-starter-ios-checkManifestLockResult.txt",
			);
			runOnlyForDeploymentPostprocessing = 0;
			shellPath = /bin/sh;
			shellScript = "diff \"${PODS_PODFILE_DIR_PATH}/Podfile.lock\" \"${PODS_ROOT}/Manifest.lock\" > /dev/null\nif [ $? != 0 ] ; then\n    # print error to STDERR\n    echo \"error: The sandbox is not in sync with the Podfile.lock. Run 'pod install' or update your CocoaPods installation.\" >&2\n    exit 1\nfi\n# This output is used by Xcode 'outputs' to avoid re-running this script phase.\necho \"SUCCESS\" > \"${SCRIPT_OUTPUT_FILE_0}\"\n";
			showEnvVarsInLog = 0;
		};
		CB73B144C9D47FBBD4FF11E8 /* [CP] Embed Pods Frameworks */ = {
			isa = PBXShellScriptBuildPhase;
			buildActionMask = 2147483647;
			files = (
			);
			inputFileListPaths = (
				"${PODS_ROOT}/Target Support Files/Pods-CRSQLite-xcode-starter-ios-simulator/Pods-CRSQLite-xcode-starter-ios-simulator-frameworks-${CONFIGURATION}-input-files.xcfilelist",
			);
			name = "[CP] Embed Pods Frameworks";
			outputFileListPaths = (
				"${PODS_ROOT}/Target Support Files/Pods-CRSQLite-xcode-starter-ios-simulator/Pods-CRSQLite-xcode-starter-ios-simulator-frameworks-${CONFIGURATION}-output-files.xcfilelist",
			);
			runOnlyForDeploymentPostprocessing = 0;
			shellPath = /bin/sh;
			shellScript = "\"${PODS_ROOT}/Target Support Files/Pods-CRSQLite-xcode-starter-ios-simulator/Pods-CRSQLite-xcode-starter-ios-simulator-frameworks.sh\"\n";
			showEnvVarsInLog = 0;
		};
		EE3C2B0C6BC7F138EE495092 /* [CP] Embed Pods Frameworks */ = {
			isa = PBXShellScriptBuildPhase;
			buildActionMask = 2147483647;
			files = (
			);
			inputFileListPaths = (
				"${PODS_ROOT}/Target Support Files/Pods-CRSQLite-xcode-starter-mac/Pods-CRSQLite-xcode-starter-mac-frameworks-${CONFIGURATION}-input-files.xcfilelist",
			);
			name = "[CP] Embed Pods Frameworks";
			outputFileListPaths = (
				"${PODS_ROOT}/Target Support Files/Pods-CRSQLite-xcode-starter-mac/Pods-CRSQLite-xcode-starter-mac-frameworks-${CONFIGURATION}-output-files.xcfilelist",
			);
			runOnlyForDeploymentPostprocessing = 0;
			shellPath = /bin/sh;
			shellScript = "\"${PODS_ROOT}/Target Support Files/Pods-CRSQLite-xcode-starter-mac/Pods-CRSQLite-xcode-starter-mac-frameworks.sh\"\n";
			showEnvVarsInLog = 0;
		};
/* End PBXShellScriptBuildPhase section */

/* Begin PBXSourcesBuildPhase section */
		DE65ECFB2A6B1B8E005EA008 /* Sources */ = {
			isa = PBXSourcesBuildPhase;
			buildActionMask = 2147483647;
			files = (
				DE65ED052A6B1B8E005EA008 /* ContentView.swift in Sources */,
				DE65ED562A6B22D2005EA008 /* crsqlite-init.c in Sources */,
				DE65ED032A6B1B8E005EA008 /* xcode_starterApp.swift in Sources */,
			);
			runOnlyForDeploymentPostprocessing = 0;
		};
		DE65ED0C2A6B1B8F005EA008 /* Sources */ = {
			isa = PBXSourcesBuildPhase;
			buildActionMask = 2147483647;
			files = (
				DE65ED152A6B1B8F005EA008 /* xcode_starterTests.swift in Sources */,
			);
			runOnlyForDeploymentPostprocessing = 0;
		};
		DE65ED162A6B1B8F005EA008 /* Sources */ = {
			isa = PBXSourcesBuildPhase;
			buildActionMask = 2147483647;
			files = (
				DE65ED212A6B1B8F005EA008 /* xcode_starterUITestsLaunchTests.swift in Sources */,
				DE65ED1F2A6B1B8F005EA008 /* xcode_starterUITests.swift in Sources */,
			);
			runOnlyForDeploymentPostprocessing = 0;
		};
		DE65ED2E2A6B1BB1005EA008 /* Sources */ = {
			isa = PBXSourcesBuildPhase;
			buildActionMask = 2147483647;
			files = (
				DE65ED2F2A6B1BB1005EA008 /* ContentView.swift in Sources */,
				DE65ED572A6B22D2005EA008 /* crsqlite-init.c in Sources */,
				DE65ED302A6B1BB1005EA008 /* xcode_starterApp.swift in Sources */,
			);
			runOnlyForDeploymentPostprocessing = 0;
		};
		DE65ED3A2A6B1BBA005EA008 /* Sources */ = {
			isa = PBXSourcesBuildPhase;
			buildActionMask = 2147483647;
			files = (
				DE65ED3B2A6B1BBA005EA008 /* ContentView.swift in Sources */,
				DE65ED582A6B22D2005EA008 /* crsqlite-init.c in Sources */,
				DE65ED3C2A6B1BBA005EA008 /* xcode_starterApp.swift in Sources */,
			);
			runOnlyForDeploymentPostprocessing = 0;
		};
/* End PBXSourcesBuildPhase section */

/* Begin PBXTargetDependency section */
		DE65ED122A6B1B8F005EA008 /* PBXTargetDependency */ = {
			isa = PBXTargetDependency;
			target = DE65ECFE2A6B1B8E005EA008 /* xcode-starter-mac */;
			targetProxy = DE65ED112A6B1B8F005EA008 /* PBXContainerItemProxy */;
		};
		DE65ED1C2A6B1B8F005EA008 /* PBXTargetDependency */ = {
			isa = PBXTargetDependency;
			target = DE65ECFE2A6B1B8E005EA008 /* xcode-starter-mac */;
			targetProxy = DE65ED1B2A6B1B8F005EA008 /* PBXContainerItemProxy */;
		};
/* End PBXTargetDependency section */

/* Begin XCBuildConfiguration section */
		DE65ED222A6B1B8F005EA008 /* Debug */ = {
			isa = XCBuildConfiguration;
			buildSettings = {
				ALWAYS_SEARCH_USER_PATHS = NO;
				CLANG_ANALYZER_NONNULL = YES;
				CLANG_ANALYZER_NUMBER_OBJECT_CONVERSION = YES_AGGRESSIVE;
				CLANG_CXX_LANGUAGE_STANDARD = "gnu++20";
				CLANG_ENABLE_MODULES = YES;
				CLANG_ENABLE_OBJC_ARC = YES;
				CLANG_ENABLE_OBJC_WEAK = YES;
				CLANG_WARN_BLOCK_CAPTURE_AUTORELEASING = YES;
				CLANG_WARN_BOOL_CONVERSION = YES;
				CLANG_WARN_COMMA = YES;
				CLANG_WARN_CONSTANT_CONVERSION = YES;
				CLANG_WARN_DEPRECATED_OBJC_IMPLEMENTATIONS = YES;
				CLANG_WARN_DIRECT_OBJC_ISA_USAGE = YES_ERROR;
				CLANG_WARN_DOCUMENTATION_COMMENTS = YES;
				CLANG_WARN_EMPTY_BODY = YES;
				CLANG_WARN_ENUM_CONVERSION = YES;
				CLANG_WARN_INFINITE_RECURSION = YES;
				CLANG_WARN_INT_CONVERSION = YES;
				CLANG_WARN_NON_LITERAL_NULL_CONVERSION = YES;
				CLANG_WARN_OBJC_IMPLICIT_RETAIN_SELF = YES;
				CLANG_WARN_OBJC_LITERAL_CONVERSION = YES;
				CLANG_WARN_OBJC_ROOT_CLASS = YES_ERROR;
				CLANG_WARN_QUOTED_INCLUDE_IN_FRAMEWORK_HEADER = YES;
				CLANG_WARN_RANGE_LOOP_ANALYSIS = YES;
				CLANG_WARN_STRICT_PROTOTYPES = YES;
				CLANG_WARN_SUSPICIOUS_MOVE = YES;
				CLANG_WARN_UNGUARDED_AVAILABILITY = YES_AGGRESSIVE;
				CLANG_WARN_UNREACHABLE_CODE = YES;
				CLANG_WARN__DUPLICATE_METHOD_MATCH = YES;
				COPY_PHASE_STRIP = NO;
				DEBUG_INFORMATION_FORMAT = dwarf;
				ENABLE_STRICT_OBJC_MSGSEND = YES;
				ENABLE_TESTABILITY = YES;
				GCC_C_LANGUAGE_STANDARD = gnu11;
				GCC_DYNAMIC_NO_PIC = NO;
				GCC_NO_COMMON_BLOCKS = YES;
				GCC_OPTIMIZATION_LEVEL = 0;
				GCC_PREPROCESSOR_DEFINITIONS = (
					"DEBUG=1",
					"$(inherited)",
				);
				GCC_WARN_64_TO_32_BIT_CONVERSION = YES;
				GCC_WARN_ABOUT_RETURN_TYPE = YES_ERROR;
				GCC_WARN_UNDECLARED_SELECTOR = YES;
				GCC_WARN_UNINITIALIZED_AUTOS = YES_AGGRESSIVE;
				GCC_WARN_UNUSED_FUNCTION = YES;
				GCC_WARN_UNUSED_VARIABLE = YES;
				MTL_ENABLE_DEBUG_INFO = INCLUDE_SOURCE;
				MTL_FAST_MATH = YES;
				ONLY_ACTIVE_ARCH = YES;
				SWIFT_ACTIVE_COMPILATION_CONDITIONS = DEBUG;
				SWIFT_OPTIMIZATION_LEVEL = "-Onone";
			};
			name = Debug;
		};
		DE65ED232A6B1B8F005EA008 /* Release */ = {
			isa = XCBuildConfiguration;
			buildSettings = {
				ALWAYS_SEARCH_USER_PATHS = NO;
				CLANG_ANALYZER_NONNULL = YES;
				CLANG_ANALYZER_NUMBER_OBJECT_CONVERSION = YES_AGGRESSIVE;
				CLANG_CXX_LANGUAGE_STANDARD = "gnu++20";
				CLANG_ENABLE_MODULES = YES;
				CLANG_ENABLE_OBJC_ARC = YES;
				CLANG_ENABLE_OBJC_WEAK = YES;
				CLANG_WARN_BLOCK_CAPTURE_AUTORELEASING = YES;
				CLANG_WARN_BOOL_CONVERSION = YES;
				CLANG_WARN_COMMA = YES;
				CLANG_WARN_CONSTANT_CONVERSION = YES;
				CLANG_WARN_DEPRECATED_OBJC_IMPLEMENTATIONS = YES;
				CLANG_WARN_DIRECT_OBJC_ISA_USAGE = YES_ERROR;
				CLANG_WARN_DOCUMENTATION_COMMENTS = YES;
				CLANG_WARN_EMPTY_BODY = YES;
				CLANG_WARN_ENUM_CONVERSION = YES;
				CLANG_WARN_INFINITE_RECURSION = YES;
				CLANG_WARN_INT_CONVERSION = YES;
				CLANG_WARN_NON_LITERAL_NULL_CONVERSION = YES;
				CLANG_WARN_OBJC_IMPLICIT_RETAIN_SELF = YES;
				CLANG_WARN_OBJC_LITERAL_CONVERSION = YES;
				CLANG_WARN_OBJC_ROOT_CLASS = YES_ERROR;
				CLANG_WARN_QUOTED_INCLUDE_IN_FRAMEWORK_HEADER = YES;
				CLANG_WARN_RANGE_LOOP_ANALYSIS = YES;
				CLANG_WARN_STRICT_PROTOTYPES = YES;
				CLANG_WARN_SUSPICIOUS_MOVE = YES;
				CLANG_WARN_UNGUARDED_AVAILABILITY = YES_AGGRESSIVE;
				CLANG_WARN_UNREACHABLE_CODE = YES;
				CLANG_WARN__DUPLICATE_METHOD_MATCH = YES;
				COPY_PHASE_STRIP = NO;
				DEBUG_INFORMATION_FORMAT = "dwarf-with-dsym";
				ENABLE_NS_ASSERTIONS = NO;
				ENABLE_STRICT_OBJC_MSGSEND = YES;
				GCC_C_LANGUAGE_STANDARD = gnu11;
				GCC_NO_COMMON_BLOCKS = YES;
				GCC_WARN_64_TO_32_BIT_CONVERSION = YES;
				GCC_WARN_ABOUT_RETURN_TYPE = YES_ERROR;
				GCC_WARN_UNDECLARED_SELECTOR = YES;
				GCC_WARN_UNINITIALIZED_AUTOS = YES_AGGRESSIVE;
				GCC_WARN_UNUSED_FUNCTION = YES;
				GCC_WARN_UNUSED_VARIABLE = YES;
				MTL_ENABLE_DEBUG_INFO = NO;
				MTL_FAST_MATH = YES;
				SWIFT_COMPILATION_MODE = wholemodule;
				SWIFT_OPTIMIZATION_LEVEL = "-O";
			};
			name = Release;
		};
		DE65ED252A6B1B8F005EA008 /* Debug */ = {
			isa = XCBuildConfiguration;
			baseConfigurationReference = 5F904201180274D412A1E4DE /* Pods-CRSQLite-xcode-starter-mac.debug.xcconfig */;
			buildSettings = {
				ASSETCATALOG_COMPILER_APPICON_NAME = AppIcon;
				ASSETCATALOG_COMPILER_GLOBAL_ACCENT_COLOR_NAME = AccentColor;
				CLANG_ENABLE_MODULES = YES;
				CODE_SIGN_ENTITLEMENTS = "xcode-starter/xcode_starter.entitlements";
				CODE_SIGN_STYLE = Automatic;
				CURRENT_PROJECT_VERSION = 1;
				DEVELOPMENT_ASSET_PATHS = "\"xcode-starter/Preview Content\"";
				ENABLE_PREVIEWS = YES;
				GENERATE_INFOPLIST_FILE = YES;
				"INFOPLIST_KEY_UIApplicationSceneManifest_Generation[sdk=iphoneos*]" = YES;
				"INFOPLIST_KEY_UIApplicationSceneManifest_Generation[sdk=iphonesimulator*]" = YES;
				"INFOPLIST_KEY_UIApplicationSupportsIndirectInputEvents[sdk=iphoneos*]" = YES;
				"INFOPLIST_KEY_UIApplicationSupportsIndirectInputEvents[sdk=iphonesimulator*]" = YES;
				"INFOPLIST_KEY_UILaunchScreen_Generation[sdk=iphoneos*]" = YES;
				"INFOPLIST_KEY_UILaunchScreen_Generation[sdk=iphonesimulator*]" = YES;
				"INFOPLIST_KEY_UIStatusBarStyle[sdk=iphoneos*]" = UIStatusBarStyleDefault;
				"INFOPLIST_KEY_UIStatusBarStyle[sdk=iphonesimulator*]" = UIStatusBarStyleDefault;
				INFOPLIST_KEY_UISupportedInterfaceOrientations_iPad = "UIInterfaceOrientationPortrait UIInterfaceOrientationPortraitUpsideDown UIInterfaceOrientationLandscapeLeft UIInterfaceOrientationLandscapeRight";
				INFOPLIST_KEY_UISupportedInterfaceOrientations_iPhone = "UIInterfaceOrientationPortrait UIInterfaceOrientationLandscapeLeft UIInterfaceOrientationLandscapeRight";
				IPHONEOS_DEPLOYMENT_TARGET = 16.2;
				LD_RUNPATH_SEARCH_PATHS = "$(inherited)";
				LIBRARY_SEARCH_PATHS = (
					"$(inherited)",
					"$(PROJECT_DIR)/crsqlite",
				);
				MACOSX_DEPLOYMENT_TARGET = 13.1;
				MARKETING_VERSION = 1.0;
				PRODUCT_BUNDLE_IDENTIFIER = "vlcn.io.xcode-starter";
				PRODUCT_NAME = "$(TARGET_NAME)";
				SDKROOT = auto;
				SUPPORTED_PLATFORMS = macosx;
				SUPPORTS_MACCATALYST = NO;
				SUPPORTS_MAC_DESIGNED_FOR_IPHONE_IPAD = NO;
				SWIFT_EMIT_LOC_STRINGS = YES;
				SWIFT_OBJC_BRIDGING_HEADER = "xcode-starter/xcode-starter-mac-Bridging-Header.h";
				SWIFT_OPTIMIZATION_LEVEL = "-Onone";
				SWIFT_VERSION = 5.0;
			};
			name = Debug;
		};
		DE65ED262A6B1B8F005EA008 /* Release */ = {
			isa = XCBuildConfiguration;
			baseConfigurationReference = 4178ACA32E6C900BFE1816DA /* Pods-CRSQLite-xcode-starter-mac.release.xcconfig */;
			buildSettings = {
				ASSETCATALOG_COMPILER_APPICON_NAME = AppIcon;
				ASSETCATALOG_COMPILER_GLOBAL_ACCENT_COLOR_NAME = AccentColor;
				CLANG_ENABLE_MODULES = YES;
				CODE_SIGN_ENTITLEMENTS = "xcode-starter/xcode_starter.entitlements";
				CODE_SIGN_STYLE = Automatic;
				CURRENT_PROJECT_VERSION = 1;
				DEVELOPMENT_ASSET_PATHS = "\"xcode-starter/Preview Content\"";
				ENABLE_PREVIEWS = YES;
				GENERATE_INFOPLIST_FILE = YES;
				"INFOPLIST_KEY_UIApplicationSceneManifest_Generation[sdk=iphoneos*]" = YES;
				"INFOPLIST_KEY_UIApplicationSceneManifest_Generation[sdk=iphonesimulator*]" = YES;
				"INFOPLIST_KEY_UIApplicationSupportsIndirectInputEvents[sdk=iphoneos*]" = YES;
				"INFOPLIST_KEY_UIApplicationSupportsIndirectInputEvents[sdk=iphonesimulator*]" = YES;
				"INFOPLIST_KEY_UILaunchScreen_Generation[sdk=iphoneos*]" = YES;
				"INFOPLIST_KEY_UILaunchScreen_Generation[sdk=iphonesimulator*]" = YES;
				"INFOPLIST_KEY_UIStatusBarStyle[sdk=iphoneos*]" = UIStatusBarStyleDefault;
				"INFOPLIST_KEY_UIStatusBarStyle[sdk=iphonesimulator*]" = UIStatusBarStyleDefault;
				INFOPLIST_KEY_UISupportedInterfaceOrientations_iPad = "UIInterfaceOrientationPortrait UIInterfaceOrientationPortraitUpsideDown UIInterfaceOrientationLandscapeLeft UIInterfaceOrientationLandscapeRight";
				INFOPLIST_KEY_UISupportedInterfaceOrientations_iPhone = "UIInterfaceOrientationPortrait UIInterfaceOrientationLandscapeLeft UIInterfaceOrientationLandscapeRight";
				IPHONEOS_DEPLOYMENT_TARGET = 16.2;
				LD_RUNPATH_SEARCH_PATHS = "$(inherited)";
				LIBRARY_SEARCH_PATHS = (
					"$(inherited)",
					"$(PROJECT_DIR)/crsqlite",
				);
				MACOSX_DEPLOYMENT_TARGET = 13.1;
				MARKETING_VERSION = 1.0;
				PRODUCT_BUNDLE_IDENTIFIER = "vlcn.io.xcode-starter";
				PRODUCT_NAME = "$(TARGET_NAME)";
				SDKROOT = auto;
				SUPPORTED_PLATFORMS = macosx;
				SUPPORTS_MACCATALYST = NO;
				SUPPORTS_MAC_DESIGNED_FOR_IPHONE_IPAD = NO;
				SWIFT_EMIT_LOC_STRINGS = YES;
				SWIFT_OBJC_BRIDGING_HEADER = "xcode-starter/xcode-starter-mac-Bridging-Header.h";
				SWIFT_VERSION = 5.0;
			};
			name = Release;
		};
		DE65ED282A6B1B8F005EA008 /* Debug */ = {
			isa = XCBuildConfiguration;
			buildSettings = {
				ALWAYS_EMBED_SWIFT_STANDARD_LIBRARIES = YES;
				BUNDLE_LOADER = "$(TEST_HOST)";
				CODE_SIGN_STYLE = Automatic;
				CURRENT_PROJECT_VERSION = 1;
				GENERATE_INFOPLIST_FILE = YES;
				IPHONEOS_DEPLOYMENT_TARGET = 16.2;
				MACOSX_DEPLOYMENT_TARGET = 13.1;
				MARKETING_VERSION = 1.0;
				PRODUCT_BUNDLE_IDENTIFIER = "vlcn.io.xcode-starterTests";
				PRODUCT_NAME = "$(TARGET_NAME)";
				SDKROOT = auto;
				SUPPORTED_PLATFORMS = "iphoneos iphonesimulator macosx";
				SWIFT_EMIT_LOC_STRINGS = NO;
				SWIFT_VERSION = 5.0;
				TARGETED_DEVICE_FAMILY = "1,2";
				TEST_HOST = "$(BUILT_PRODUCTS_DIR)/xcode-starter.app/$(BUNDLE_EXECUTABLE_FOLDER_PATH)/xcode-starter";
			};
			name = Debug;
		};
		DE65ED292A6B1B8F005EA008 /* Release */ = {
			isa = XCBuildConfiguration;
			buildSettings = {
				ALWAYS_EMBED_SWIFT_STANDARD_LIBRARIES = YES;
				BUNDLE_LOADER = "$(TEST_HOST)";
				CODE_SIGN_STYLE = Automatic;
				CURRENT_PROJECT_VERSION = 1;
				GENERATE_INFOPLIST_FILE = YES;
				IPHONEOS_DEPLOYMENT_TARGET = 16.2;
				MACOSX_DEPLOYMENT_TARGET = 13.1;
				MARKETING_VERSION = 1.0;
				PRODUCT_BUNDLE_IDENTIFIER = "vlcn.io.xcode-starterTests";
				PRODUCT_NAME = "$(TARGET_NAME)";
				SDKROOT = auto;
				SUPPORTED_PLATFORMS = "iphoneos iphonesimulator macosx";
				SWIFT_EMIT_LOC_STRINGS = NO;
				SWIFT_VERSION = 5.0;
				TARGETED_DEVICE_FAMILY = "1,2";
				TEST_HOST = "$(BUILT_PRODUCTS_DIR)/xcode-starter.app/$(BUNDLE_EXECUTABLE_FOLDER_PATH)/xcode-starter";
			};
			name = Release;
		};
		DE65ED2B2A6B1B8F005EA008 /* Debug */ = {
			isa = XCBuildConfiguration;
			buildSettings = {
				ALWAYS_EMBED_SWIFT_STANDARD_LIBRARIES = YES;
				CODE_SIGN_STYLE = Automatic;
				CURRENT_PROJECT_VERSION = 1;
				GENERATE_INFOPLIST_FILE = YES;
				IPHONEOS_DEPLOYMENT_TARGET = 16.2;
				MACOSX_DEPLOYMENT_TARGET = 13.1;
				MARKETING_VERSION = 1.0;
				PRODUCT_BUNDLE_IDENTIFIER = "vlcn.io.xcode-starterUITests";
				PRODUCT_NAME = "$(TARGET_NAME)";
				SDKROOT = auto;
				SUPPORTED_PLATFORMS = "iphoneos iphonesimulator macosx";
				SWIFT_EMIT_LOC_STRINGS = NO;
				SWIFT_VERSION = 5.0;
				TARGETED_DEVICE_FAMILY = "1,2";
				TEST_TARGET_NAME = "xcode-starter";
			};
			name = Debug;
		};
		DE65ED2C2A6B1B8F005EA008 /* Release */ = {
			isa = XCBuildConfiguration;
			buildSettings = {
				ALWAYS_EMBED_SWIFT_STANDARD_LIBRARIES = YES;
				CODE_SIGN_STYLE = Automatic;
				CURRENT_PROJECT_VERSION = 1;
				GENERATE_INFOPLIST_FILE = YES;
				IPHONEOS_DEPLOYMENT_TARGET = 16.2;
				MACOSX_DEPLOYMENT_TARGET = 13.1;
				MARKETING_VERSION = 1.0;
				PRODUCT_BUNDLE_IDENTIFIER = "vlcn.io.xcode-starterUITests";
				PRODUCT_NAME = "$(TARGET_NAME)";
				SDKROOT = auto;
				SUPPORTED_PLATFORMS = "iphoneos iphonesimulator macosx";
				SWIFT_EMIT_LOC_STRINGS = NO;
				SWIFT_VERSION = 5.0;
				TARGETED_DEVICE_FAMILY = "1,2";
				TEST_TARGET_NAME = "xcode-starter";
			};
			name = Release;
		};
		DE65ED362A6B1BB1005EA008 /* Debug */ = {
			isa = XCBuildConfiguration;
			baseConfigurationReference = 45F196D351D5932E01D7ACC8 /* Pods-CRSQLite-xcode-starter-ios.debug.xcconfig */;
			buildSettings = {
				ASSETCATALOG_COMPILER_APPICON_NAME = AppIcon;
				ASSETCATALOG_COMPILER_GLOBAL_ACCENT_COLOR_NAME = AccentColor;
				CLANG_ENABLE_MODULES = YES;
				CODE_SIGN_ENTITLEMENTS = "xcode-starter/xcode_starter.entitlements";
				CODE_SIGN_STYLE = Automatic;
				CURRENT_PROJECT_VERSION = 1;
				DEVELOPMENT_ASSET_PATHS = "\"xcode-starter/Preview Content\"";
				DEVELOPMENT_TEAM = "";
				ENABLE_PREVIEWS = YES;
				GENERATE_INFOPLIST_FILE = YES;
				"INFOPLIST_KEY_UIApplicationSceneManifest_Generation[sdk=iphoneos*]" = YES;
				"INFOPLIST_KEY_UIApplicationSceneManifest_Generation[sdk=iphonesimulator*]" = YES;
				"INFOPLIST_KEY_UIApplicationSupportsIndirectInputEvents[sdk=iphoneos*]" = YES;
				"INFOPLIST_KEY_UIApplicationSupportsIndirectInputEvents[sdk=iphonesimulator*]" = YES;
				"INFOPLIST_KEY_UILaunchScreen_Generation[sdk=iphoneos*]" = YES;
				"INFOPLIST_KEY_UILaunchScreen_Generation[sdk=iphonesimulator*]" = YES;
				"INFOPLIST_KEY_UIStatusBarStyle[sdk=iphoneos*]" = UIStatusBarStyleDefault;
				"INFOPLIST_KEY_UIStatusBarStyle[sdk=iphonesimulator*]" = UIStatusBarStyleDefault;
				INFOPLIST_KEY_UISupportedInterfaceOrientations_iPad = "UIInterfaceOrientationPortrait UIInterfaceOrientationPortraitUpsideDown UIInterfaceOrientationLandscapeLeft UIInterfaceOrientationLandscapeRight";
				INFOPLIST_KEY_UISupportedInterfaceOrientations_iPhone = "UIInterfaceOrientationPortrait UIInterfaceOrientationLandscapeLeft UIInterfaceOrientationLandscapeRight";
				IPHONEOS_DEPLOYMENT_TARGET = 16.2;
				LD_RUNPATH_SEARCH_PATHS = "$(inherited)";
				LIBRARY_SEARCH_PATHS = (
					"$(inherited)",
					"$(PROJECT_DIR)/crsqlite",
				);
				MACOSX_DEPLOYMENT_TARGET = 13.1;
				MARKETING_VERSION = 1.0;
				PRODUCT_BUNDLE_IDENTIFIER = "vlcn.io.xcode-starter";
				PRODUCT_NAME = "$(TARGET_NAME)";
				SDKROOT = auto;
				SUPPORTED_PLATFORMS = "iphoneos iphonesimulator";
				SUPPORTS_MACCATALYST = NO;
				SUPPORTS_MAC_DESIGNED_FOR_IPHONE_IPAD = NO;
				SWIFT_EMIT_LOC_STRINGS = YES;
				SWIFT_OBJC_BRIDGING_HEADER = "xcode-starter/xcode-starter-ios-Bridging-Header.h";
				SWIFT_OPTIMIZATION_LEVEL = "-Onone";
				SWIFT_VERSION = 5.0;
				TARGETED_DEVICE_FAMILY = "1,2";
			};
			name = Debug;
		};
		DE65ED372A6B1BB1005EA008 /* Release */ = {
			isa = XCBuildConfiguration;
			baseConfigurationReference = 97AE8D7B2EBA94FB67637002 /* Pods-CRSQLite-xcode-starter-ios.release.xcconfig */;
			buildSettings = {
				ASSETCATALOG_COMPILER_APPICON_NAME = AppIcon;
				ASSETCATALOG_COMPILER_GLOBAL_ACCENT_COLOR_NAME = AccentColor;
				CLANG_ENABLE_MODULES = YES;
				CODE_SIGN_ENTITLEMENTS = "xcode-starter/xcode_starter.entitlements";
				CODE_SIGN_STYLE = Automatic;
				CURRENT_PROJECT_VERSION = 1;
				DEVELOPMENT_ASSET_PATHS = "\"xcode-starter/Preview Content\"";
				DEVELOPMENT_TEAM = "";
				ENABLE_PREVIEWS = YES;
				GENERATE_INFOPLIST_FILE = YES;
				"INFOPLIST_KEY_UIApplicationSceneManifest_Generation[sdk=iphoneos*]" = YES;
				"INFOPLIST_KEY_UIApplicationSceneManifest_Generation[sdk=iphonesimulator*]" = YES;
				"INFOPLIST_KEY_UIApplicationSupportsIndirectInputEvents[sdk=iphoneos*]" = YES;
				"INFOPLIST_KEY_UIApplicationSupportsIndirectInputEvents[sdk=iphonesimulator*]" = YES;
				"INFOPLIST_KEY_UILaunchScreen_Generation[sdk=iphoneos*]" = YES;
				"INFOPLIST_KEY_UILaunchScreen_Generation[sdk=iphonesimulator*]" = YES;
				"INFOPLIST_KEY_UIStatusBarStyle[sdk=iphoneos*]" = UIStatusBarStyleDefault;
				"INFOPLIST_KEY_UIStatusBarStyle[sdk=iphonesimulator*]" = UIStatusBarStyleDefault;
				INFOPLIST_KEY_UISupportedInterfaceOrientations_iPad = "UIInterfaceOrientationPortrait UIInterfaceOrientationPortraitUpsideDown UIInterfaceOrientationLandscapeLeft UIInterfaceOrientationLandscapeRight";
				INFOPLIST_KEY_UISupportedInterfaceOrientations_iPhone = "UIInterfaceOrientationPortrait UIInterfaceOrientationLandscapeLeft UIInterfaceOrientationLandscapeRight";
				IPHONEOS_DEPLOYMENT_TARGET = 16.2;
				LD_RUNPATH_SEARCH_PATHS = "$(inherited)";
				LIBRARY_SEARCH_PATHS = (
					"$(inherited)",
					"$(PROJECT_DIR)/crsqlite",
				);
				MACOSX_DEPLOYMENT_TARGET = 13.1;
				MARKETING_VERSION = 1.0;
				PRODUCT_BUNDLE_IDENTIFIER = "vlcn.io.xcode-starter";
				PRODUCT_NAME = "$(TARGET_NAME)";
				SDKROOT = auto;
				SUPPORTED_PLATFORMS = "iphoneos iphonesimulator";
				SUPPORTS_MACCATALYST = NO;
				SUPPORTS_MAC_DESIGNED_FOR_IPHONE_IPAD = NO;
				SWIFT_EMIT_LOC_STRINGS = YES;
				SWIFT_OBJC_BRIDGING_HEADER = "xcode-starter/xcode-starter-ios-Bridging-Header.h";
				SWIFT_VERSION = 5.0;
				TARGETED_DEVICE_FAMILY = "1,2";
			};
			name = Release;
		};
		DE65ED422A6B1BBA005EA008 /* Debug */ = {
			isa = XCBuildConfiguration;
			baseConfigurationReference = 11E25D5ED3EFC583F766CC1A /* Pods-CRSQLite-xcode-starter-ios-simulator.debug.xcconfig */;
			buildSettings = {
				ASSETCATALOG_COMPILER_APPICON_NAME = AppIcon;
				ASSETCATALOG_COMPILER_GLOBAL_ACCENT_COLOR_NAME = AccentColor;
				CLANG_ENABLE_MODULES = YES;
				CODE_SIGN_ENTITLEMENTS = "xcode-starter/xcode_starter.entitlements";
				CODE_SIGN_STYLE = Automatic;
				CURRENT_PROJECT_VERSION = 1;
				DEVELOPMENT_ASSET_PATHS = "\"xcode-starter/Preview Content\"";
				DEVELOPMENT_TEAM = "";
				ENABLE_PREVIEWS = YES;
				GENERATE_INFOPLIST_FILE = YES;
				"INFOPLIST_KEY_UIApplicationSceneManifest_Generation[sdk=iphoneos*]" = YES;
				"INFOPLIST_KEY_UIApplicationSceneManifest_Generation[sdk=iphonesimulator*]" = YES;
				"INFOPLIST_KEY_UIApplicationSupportsIndirectInputEvents[sdk=iphoneos*]" = YES;
				"INFOPLIST_KEY_UIApplicationSupportsIndirectInputEvents[sdk=iphonesimulator*]" = YES;
				"INFOPLIST_KEY_UILaunchScreen_Generation[sdk=iphoneos*]" = YES;
				"INFOPLIST_KEY_UILaunchScreen_Generation[sdk=iphonesimulator*]" = YES;
				"INFOPLIST_KEY_UIStatusBarStyle[sdk=iphoneos*]" = UIStatusBarStyleDefault;
				"INFOPLIST_KEY_UIStatusBarStyle[sdk=iphonesimulator*]" = UIStatusBarStyleDefault;
				INFOPLIST_KEY_UISupportedInterfaceOrientations_iPad = "UIInterfaceOrientationPortrait UIInterfaceOrientationPortraitUpsideDown UIInterfaceOrientationLandscapeLeft UIInterfaceOrientationLandscapeRight";
				INFOPLIST_KEY_UISupportedInterfaceOrientations_iPhone = "UIInterfaceOrientationPortrait UIInterfaceOrientationLandscapeLeft UIInterfaceOrientationLandscapeRight";
				IPHONEOS_DEPLOYMENT_TARGET = 16.2;
				LD_RUNPATH_SEARCH_PATHS = "$(inherited)";
				LIBRARY_SEARCH_PATHS = (
					"$(inherited)",
					"$(PROJECT_DIR)/crsqlite",
				);
				MACOSX_DEPLOYMENT_TARGET = 13.1;
				MARKETING_VERSION = 1.0;
				PRODUCT_BUNDLE_IDENTIFIER = "vlcn.io.xcode-starter";
				PRODUCT_NAME = "$(TARGET_NAME)";
				SDKROOT = auto;
				SUPPORTED_PLATFORMS = "iphoneos iphonesimulator";
				SUPPORTS_MACCATALYST = NO;
				SUPPORTS_MAC_DESIGNED_FOR_IPHONE_IPAD = NO;
				SWIFT_EMIT_LOC_STRINGS = YES;
				SWIFT_OBJC_BRIDGING_HEADER = "xcode-starter/xcode-starter-ios-simulator-Bridging-Header.h";
				SWIFT_OPTIMIZATION_LEVEL = "-Onone";
				SWIFT_VERSION = 5.0;
				TARGETED_DEVICE_FAMILY = "1,2";
			};
			name = Debug;
		};
		DE65ED432A6B1BBA005EA008 /* Release */ = {
			isa = XCBuildConfiguration;
			baseConfigurationReference = AFC5A133F48D23FB757A809D /* Pods-CRSQLite-xcode-starter-ios-simulator.release.xcconfig */;
			buildSettings = {
				ASSETCATALOG_COMPILER_APPICON_NAME = AppIcon;
				ASSETCATALOG_COMPILER_GLOBAL_ACCENT_COLOR_NAME = AccentColor;
				CLANG_ENABLE_MODULES = YES;
				CODE_SIGN_ENTITLEMENTS = "xcode-starter/xcode_starter.entitlements";
				CODE_SIGN_STYLE = Automatic;
				CURRENT_PROJECT_VERSION = 1;
				DEVELOPMENT_ASSET_PATHS = "\"xcode-starter/Preview Content\"";
				DEVELOPMENT_TEAM = "";
				ENABLE_PREVIEWS = YES;
				GENERATE_INFOPLIST_FILE = YES;
				"INFOPLIST_KEY_UIApplicationSceneManifest_Generation[sdk=iphoneos*]" = YES;
				"INFOPLIST_KEY_UIApplicationSceneManifest_Generation[sdk=iphonesimulator*]" = YES;
				"INFOPLIST_KEY_UIApplicationSupportsIndirectInputEvents[sdk=iphoneos*]" = YES;
				"INFOPLIST_KEY_UIApplicationSupportsIndirectInputEvents[sdk=iphonesimulator*]" = YES;
				"INFOPLIST_KEY_UILaunchScreen_Generation[sdk=iphoneos*]" = YES;
				"INFOPLIST_KEY_UILaunchScreen_Generation[sdk=iphonesimulator*]" = YES;
				"INFOPLIST_KEY_UIStatusBarStyle[sdk=iphoneos*]" = UIStatusBarStyleDefault;
				"INFOPLIST_KEY_UIStatusBarStyle[sdk=iphonesimulator*]" = UIStatusBarStyleDefault;
				INFOPLIST_KEY_UISupportedInterfaceOrientations_iPad = "UIInterfaceOrientationPortrait UIInterfaceOrientationPortraitUpsideDown UIInterfaceOrientationLandscapeLeft UIInterfaceOrientationLandscapeRight";
				INFOPLIST_KEY_UISupportedInterfaceOrientations_iPhone = "UIInterfaceOrientationPortrait UIInterfaceOrientationLandscapeLeft UIInterfaceOrientationLandscapeRight";
				IPHONEOS_DEPLOYMENT_TARGET = 16.2;
				LD_RUNPATH_SEARCH_PATHS = "$(inherited)";
				LIBRARY_SEARCH_PATHS = (
					"$(inherited)",
					"$(PROJECT_DIR)/crsqlite",
				);
				MACOSX_DEPLOYMENT_TARGET = 13.1;
				MARKETING_VERSION = 1.0;
				PRODUCT_BUNDLE_IDENTIFIER = "vlcn.io.xcode-starter";
				PRODUCT_NAME = "$(TARGET_NAME)";
				SDKROOT = auto;
				SUPPORTED_PLATFORMS = "iphoneos iphonesimulator";
				SUPPORTS_MACCATALYST = NO;
				SUPPORTS_MAC_DESIGNED_FOR_IPHONE_IPAD = NO;
				SWIFT_EMIT_LOC_STRINGS = YES;
				SWIFT_OBJC_BRIDGING_HEADER = "xcode-starter/xcode-starter-ios-simulator-Bridging-Header.h";
				SWIFT_VERSION = 5.0;
				TARGETED_DEVICE_FAMILY = "1,2";
			};
			name = Release;
		};
/* End XCBuildConfiguration section */

/* Begin XCConfigurationList section */
		DE65ECFA2A6B1B8E005EA008 /* Build configuration list for PBXProject "xcode-starter" */ = {
			isa = XCConfigurationList;
			buildConfigurations = (
				DE65ED222A6B1B8F005EA008 /* Debug */,
				DE65ED232A6B1B8F005EA008 /* Release */,
			);
			defaultConfigurationIsVisible = 0;
			defaultConfigurationName = Release;
		};
		DE65ED242A6B1B8F005EA008 /* Build configuration list for PBXNativeTarget "xcode-starter-mac" */ = {
			isa = XCConfigurationList;
			buildConfigurations = (
				DE65ED252A6B1B8F005EA008 /* Debug */,
				DE65ED262A6B1B8F005EA008 /* Release */,
			);
			defaultConfigurationIsVisible = 0;
			defaultConfigurationName = Release;
		};
		DE65ED272A6B1B8F005EA008 /* Build configuration list for PBXNativeTarget "xcode-starterTests" */ = {
			isa = XCConfigurationList;
			buildConfigurations = (
				DE65ED282A6B1B8F005EA008 /* Debug */,
				DE65ED292A6B1B8F005EA008 /* Release */,
			);
			defaultConfigurationIsVisible = 0;
			defaultConfigurationName = Release;
		};
		DE65ED2A2A6B1B8F005EA008 /* Build configuration list for PBXNativeTarget "xcode-starterUITests" */ = {
			isa = XCConfigurationList;
			buildConfigurations = (
				DE65ED2B2A6B1B8F005EA008 /* Debug */,
				DE65ED2C2A6B1B8F005EA008 /* Release */,
			);
			defaultConfigurationIsVisible = 0;
			defaultConfigurationName = Release;
		};
		DE65ED352A6B1BB1005EA008 /* Build configuration list for PBXNativeTarget "xcode-starter-ios" */ = {
			isa = XCConfigurationList;
			buildConfigurations = (
				DE65ED362A6B1BB1005EA008 /* Debug */,
				DE65ED372A6B1BB1005EA008 /* Release */,
			);
			defaultConfigurationIsVisible = 0;
			defaultConfigurationName = Release;
		};
		DE65ED412A6B1BBA005EA008 /* Build configuration list for PBXNativeTarget "xcode-starter-ios-simulator" */ = {
			isa = XCConfigurationList;
			buildConfigurations = (
				DE65ED422A6B1BBA005EA008 /* Debug */,
				DE65ED432A6B1BBA005EA008 /* Release */,
			);
			defaultConfigurationIsVisible = 0;
			defaultConfigurationName = Release;
		};
/* End XCConfigurationList section */
	};
	rootObject = DE65ECF72A6B1B8E005EA008 /* Project object */;
}
